
Microsoft Visual Studio Solution File, Format Version 12.00
# Visual Studio Version 16
VisualStudioVersion = 25.0.1706.10
MinimumVisualStudioVersion = 10.0.40219.1
Project("{FAE04EC0-301F-11D3-BF4B-00C04F79EFBC}") = "APP.Convos", "APP.Convos\APP.Convos.csproj", "{24A468DD-9886-48ED-9F96-6BFCAE2EC315}"
EndProject
Project("{FAE04EC0-301F-11D3-BF4B-00C04F79EFBC}") = "Library.Convos", "Library.Convos\Library.Convos.csproj", "{1D6BA251-0277-485F-8DF7-0AB27D49F23B}"
EndProject
Project("{FAE04EC0-301F-11D3-BF4B-00C04F79EFBC}") = "MAUI.Convos", "convosInterface\MAUI.Convos.csproj", "{AB9B5B0B-4893-4864-A631-10ACCD9F7E77}"
EndProject
Global
	GlobalSection(SolutionConfigurationPlatforms) = preSolution
		Debug|Any CPU = Debug|Any CPU
		Release|Any CPU = Release|Any CPU
	EndGlobalSection
	GlobalSection(ProjectConfigurationPlatforms) = postSolution
		{24A468DD-9886-48ED-9F96-6BFCAE2EC315}.Debug|Any CPU.ActiveCfg = Debug|Any CPU
		{24A468DD-9886-48ED-9F96-6BFCAE2EC315}.Debug|Any CPU.Build.0 = Debug|Any CPU
		{24A468DD-9886-48ED-9F96-6BFCAE2EC315}.Release|Any CPU.ActiveCfg = Release|Any CPU
		{24A468DD-9886-48ED-9F96-6BFCAE2EC315}.Release|Any CPU.Build.0 = Release|Any CPU
		{1D6BA251-0277-485F-8DF7-0AB27D49F23B}.Debug|Any CPU.ActiveCfg = Debug|Any CPU
		{1D6BA251-0277-485F-8DF7-0AB27D49F23B}.Debug|Any CPU.Build.0 = Debug|Any CPU
		{1D6BA251-0277-485F-8DF7-0AB27D49F23B}.Release|Any CPU.ActiveCfg = Release|Any CPU
		{1D6BA251-0277-485F-8DF7-0AB27D49F23B}.Release|Any CPU.Build.0 = Release|Any CPU
		{AB9B5B0B-4893-4864-A631-10ACCD9F7E77}.Debug|Any CPU.ActiveCfg = Debug|Any CPU
		{AB9B5B0B-4893-4864-A631-10ACCD9F7E77}.Debug|Any CPU.Build.0 = Debug|Any CPU
		{AB9B5B0B-4893-4864-A631-10ACCD9F7E77}.Release|Any CPU.ActiveCfg = Release|Any CPU
		{AB9B5B0B-4893-4864-A631-10ACCD9F7E77}.Release|Any CPU.Build.0 = Release|Any CPU
	EndGlobalSection
	GlobalSection(SolutionProperties) = preSolution
		HideSolutionNode = FALSE
	EndGlobalSection
	GlobalSection(ExtensibilityGlobals) = postSolution
		SolutionGuid = {CCD9DE9B-8060-442A-AA1A-659631F441B5}
	EndGlobalSection
EndGlobal
